
Microsoft Visual Studio Solution File, Format Version 12.00
# Visual Studio Version 17
VisualStudioVersion = 17.4.33213.308
MinimumVisualStudioVersion = 10.0.40219.1
Project("{FAE04EC0-301F-11D3-BF4B-00C04F79EFBC}") = "KitaplikProjesi", "KitaplikProjesi\KitaplikProjesi.csproj", "{0451FCF6-4BC8-4F8B-A96E-BC9417165E4E}"
EndProject
Global
	GlobalSection(SolutionConfigurationPlatforms) = preSolution
		Debug|Any CPU = Debug|Any CPU
		Release|Any CPU = Release|Any CPU
	EndGlobalSection
	GlobalSection(ProjectConfigurationPlatforms) = postSolution
		{0451FCF6-4BC8-4F8B-A96E-BC9417165E4E}.Debug|Any CPU.ActiveCfg = Debug|Any CPU
		{0451FCF6-4BC8-4F8B-A96E-BC9417165E4E}.Debug|Any CPU.Build.0 = Debug|Any CPU
		{0451FCF6-4BC8-4F8B-A96E-BC9417165E4E}.Release|Any CPU.ActiveCfg = Release|Any CPU
		{0451FCF6-4BC8-4F8B-A96E-BC9417165E4E}.Release|Any CPU.Build.0 = Release|Any CPU
	EndGlobalSection
	GlobalSection(SolutionProperties) = preSolution
		HideSolutionNode = FALSE
	EndGlobalSection
	GlobalSection(ExtensibilityGlobals) = postSolution
		SolutionGuid = {4A4DA564-6938-4E13-9980-A9B00260875B}
	EndGlobalSection
EndGlobal
